
Microsoft Visual Studio Solution File, Format Version 12.00
# Visual Studio Version 16
VisualStudioVersion = 16.0.29814.53
MinimumVisualStudioVersion = 10.0.40219.1
Project("{FAE04EC0-301F-11D3-BF4B-00C04F79EFBC}") = "BankTest", "BankTest\BankTest.csproj", "{39F510D3-11EB-4E91-95E2-E9AF882BAD44}"
EndProject
Global
	GlobalSection(SolutionConfigurationPlatforms) = preSolution
		Debug|Any CPU = Debug|Any CPU
		Release|Any CPU = Release|Any CPU
	EndGlobalSection
	GlobalSection(ProjectConfigurationPlatforms) = postSolution
		{39F510D3-11EB-4E91-95E2-E9AF882BAD44}.Debug|Any CPU.ActiveCfg = Debug|Any CPU
		{39F510D3-11EB-4E91-95E2-E9AF882BAD44}.Debug|Any CPU.Build.0 = Debug|Any CPU
		{39F510D3-11EB-4E91-95E2-E9AF882BAD44}.Release|Any CPU.ActiveCfg = Release|Any CPU
		{39F510D3-11EB-4E91-95E2-E9AF882BAD44}.Release|Any CPU.Build.0 = Release|Any CPU
	EndGlobalSection
	GlobalSection(SolutionProperties) = preSolution
		HideSolutionNode = FALSE
	EndGlobalSection
	GlobalSection(ExtensibilityGlobals) = postSolution
		SolutionGuid = {9C3C40A2-8E3E-43E1-896E-30F10C5ECF0B}
	EndGlobalSection
EndGlobal
