
Microsoft Visual Studio Solution File, Format Version 12.00
# Visual Studio Version 16
VisualStudioVersion = 16.0.29814.53
MinimumVisualStudioVersion = 10.0.40219.1
Project("{FAE04EC0-301F-11D3-BF4B-00C04F79EFBC}") = "PrimeCheckerUI", "PrimeCheckerUI\PrimeCheckerUI.csproj", "{B23ED3A3-32F5-4706-9BAD-A5ABC55D3491}"
EndProject
Global
	GlobalSection(SolutionConfigurationPlatforms) = preSolution
		Debug|Any CPU = Debug|Any CPU
		Release|Any CPU = Release|Any CPU
	EndGlobalSection
	GlobalSection(ProjectConfigurationPlatforms) = postSolution
		{B23ED3A3-32F5-4706-9BAD-A5ABC55D3491}.Debug|Any CPU.ActiveCfg = Debug|Any CPU
		{B23ED3A3-32F5-4706-9BAD-A5ABC55D3491}.Debug|Any CPU.Build.0 = Debug|Any CPU
		{B23ED3A3-32F5-4706-9BAD-A5ABC55D3491}.Release|Any CPU.ActiveCfg = Release|Any CPU
		{B23ED3A3-32F5-4706-9BAD-A5ABC55D3491}.Release|Any CPU.Build.0 = Release|Any CPU
	EndGlobalSection
	GlobalSection(SolutionProperties) = preSolution
		HideSolutionNode = FALSE
	EndGlobalSection
	GlobalSection(ExtensibilityGlobals) = postSolution
		SolutionGuid = {34E69527-20EB-4235-A784-1A34703A88F1}
	EndGlobalSection
EndGlobal
