
Microsoft Visual Studio Solution File, Format Version 12.00
# Visual Studio Version 16
VisualStudioVersion = 16.0.29814.53
MinimumVisualStudioVersion = 10.0.40219.1
Project("{FAE04EC0-301F-11D3-BF4B-00C04F79EFBC}") = "DoubleCheckedLocking", "DoubleCheckedLocking\DoubleCheckedLocking.csproj", "{C695A9D5-C05E-4E4B-BDB2-FC43487F91CD}"
EndProject
Global
	GlobalSection(SolutionConfigurationPlatforms) = preSolution
		Debug|Any CPU = Debug|Any CPU
		Release|Any CPU = Release|Any CPU
	EndGlobalSection
	GlobalSection(ProjectConfigurationPlatforms) = postSolution
		{C695A9D5-C05E-4E4B-BDB2-FC43487F91CD}.Debug|Any CPU.ActiveCfg = Debug|Any CPU
		{C695A9D5-C05E-4E4B-BDB2-FC43487F91CD}.Debug|Any CPU.Build.0 = Debug|Any CPU
		{C695A9D5-C05E-4E4B-BDB2-FC43487F91CD}.Release|Any CPU.ActiveCfg = Release|Any CPU
		{C695A9D5-C05E-4E4B-BDB2-FC43487F91CD}.Release|Any CPU.Build.0 = Release|Any CPU
	EndGlobalSection
	GlobalSection(SolutionProperties) = preSolution
		HideSolutionNode = FALSE
	EndGlobalSection
	GlobalSection(ExtensibilityGlobals) = postSolution
		SolutionGuid = {B060F868-0550-46D8-84FD-9B23FC1F1532}
	EndGlobalSection
EndGlobal
